
Microsoft Visual Studio Solution File, Format Version 12.00
# Visual Studio Version 17
VisualStudioVersion = 17.2.32526.322
MinimumVisualStudioVersion = 10.0.40219.1
Project("{FAE04EC0-301F-11D3-BF4B-00C04F79EFBC}") = "c-sharp-advanced-exercise2", "c-sharp-advanced-exercise2\c-sharp-advanced-exercise2.csproj", "{DA243BCC-AB7A-49B2-9335-B355247D5866}"
EndProject
Global
	GlobalSection(SolutionConfigurationPlatforms) = preSolution
		Debug|Any CPU = Debug|Any CPU
		Release|Any CPU = Release|Any CPU
	EndGlobalSection
	GlobalSection(ProjectConfigurationPlatforms) = postSolution
		{DA243BCC-AB7A-49B2-9335-B355247D5866}.Debug|Any CPU.ActiveCfg = Debug|Any CPU
		{DA243BCC-AB7A-49B2-9335-B355247D5866}.Debug|Any CPU.Build.0 = Debug|Any CPU
		{DA243BCC-AB7A-49B2-9335-B355247D5866}.Release|Any CPU.ActiveCfg = Release|Any CPU
		{DA243BCC-AB7A-49B2-9335-B355247D5866}.Release|Any CPU.Build.0 = Release|Any CPU
	EndGlobalSection
	GlobalSection(SolutionProperties) = preSolution
		HideSolutionNode = FALSE
	EndGlobalSection
	GlobalSection(ExtensibilityGlobals) = postSolution
		SolutionGuid = {EC6DF04C-4445-4E12-B902-B37D8AB633E0}
	EndGlobalSection
EndGlobal
